// !$*UTF8*$!
{
	archiveVersion = 1;
	classes = {
	};
	objectVersion = 55;
	objects = {

/* Begin PBXBuildFile section */
		3234077A28D654A20069CCE9 /* AppDelegate.swift in Sources */ = {isa = PBXBuildFile; fileRef = 3234077928D654A20069CCE9 /* AppDelegate.swift */; };
		3234077C28D654A20069CCE9 /* CodeEditorViewController.swift in Sources */ = {isa = PBXBuildFile; fileRef = 3234077B28D654A20069CCE9 /* CodeEditorViewController.swift */; };
		3234077F28D654A20069CCE9 /* ReCode.xcdatamodeld in Sources */ = {isa = PBXBuildFile; fileRef = 3234077D28D654A20069CCE9 /* ReCode.xcdatamodeld */; };
		3234078128D654A40069CCE9 /* Assets.xcassets in Resources */ = {isa = PBXBuildFile; fileRef = 3234078028D654A40069CCE9 /* Assets.xcassets */; };
		3234078428D654A40069CCE9 /* Main.storyboard in Resources */ = {isa = PBXBuildFile; fileRef = 3234078228D654A40069CCE9 /* Main.storyboard */; };
		3234079228D658560069CCE9 /* Code.swift in Sources */ = {isa = PBXBuildFile; fileRef = 3234079128D658550069CCE9 /* Code.swift */; };
		3234079528D663EF0069CCE9 /* SyntaxHighlighter.swift in Sources */ = {isa = PBXBuildFile; fileRef = 3234079428D663EF0069CCE9 /* SyntaxHighlighter.swift */; };
/* End PBXBuildFile section */

/* Begin PBXFileReference section */
		3234077628D654A20069CCE9 /* ReCode.app */ = {isa = PBXFileReference; explicitFileType = wrapper.application; includeInIndex = 0; path = ReCode.app; sourceTree = BUILT_PRODUCTS_DIR; };
		3234077928D654A20069CCE9 /* AppDelegate.swift */ = {isa = PBXFileReference; lastKnownFileType = sourcecode.swift; path = AppDelegate.swift; sourceTree = "<group>"; };
		3234077B28D654A20069CCE9 /* CodeEditorViewController.swift */ = {isa = PBXFileReference; lastKnownFileType = sourcecode.swift; path = CodeEditorViewController.swift; sourceTree = "<group>"; };
		3234077E28D654A20069CCE9 /* ReCode.xcdatamodel */ = {isa = PBXFileReference; lastKnownFileType = wrapper.xcdatamodel; path = ReCode.xcdatamodel; sourceTree = "<group>"; };
		3234078028D654A40069CCE9 /* Assets.xcassets */ = {isa = PBXFileReference; lastKnownFileType = folder.assetcatalog; path = Assets.xcassets; sourceTree = "<group>"; };
		3234078328D654A40069CCE9 /* Base */ = {isa = PBXFileReference; lastKnownFileType = file.storyboard; name = Base; path = Base.lproj/Main.storyboard; sourceTree = "<group>"; };
		3234078528D654A40069CCE9 /* ReCode.entitlements */ = {isa = PBXFileReference; lastKnownFileType = text.plist.entitlements; path = ReCode.entitlements; sourceTree = "<group>"; };
		3234079128D658550069CCE9 /* Code.swift */ = {isa = PBXFileReference; lastKnownFileType = sourcecode.swift; path = Code.swift; sourceTree = "<group>"; };
		3234079428D663EF0069CCE9 /* SyntaxHighlighter.swift */ = {isa = PBXFileReference; lastKnownFileType = sourcecode.swift; path = SyntaxHighlighter.swift; sourceTree = "<group>"; };
/* End PBXFileReference section */

/* Begin PBXFrameworksBuildPhase section */
		3234077328D654A20069CCE9 /* Frameworks */ = {
			isa = PBXFrameworksBuildPhase;
			buildActionMask = 2147483647;
			files = (
			);
			runOnlyForDeploymentPostprocessing = 0;
		};
/* End PBXFrameworksBuildPhase section */

/* Begin PBXGroup section */
		3234076D28D654A20069CCE9 = {
			isa = PBXGroup;
			children = (
				3234077828D654A20069CCE9 /* ReCode */,
				3234077728D654A20069CCE9 /* Products */,
			);
			sourceTree = "<group>";
		};
		3234077728D654A20069CCE9 /* Products */ = {
			isa = PBXGroup;
			children = (
				3234077628D654A20069CCE9 /* ReCode.app */,
			);
			name = Products;
			sourceTree = "<group>";
		};
		3234077828D654A20069CCE9 /* ReCode */ = {
			isa = PBXGroup;
			children = (
				3234078C28D654C00069CCE9 /* Application */,
				3234078B28D654AD0069CCE9 /* Controllers */,
				3234079328D663DE0069CCE9 /* Highlighter */,
				3234079028D6582E0069CCE9 /* Models */,
				3234077D28D654A20069CCE9 /* ReCode.xcdatamodeld */,
				3234078E28D654E80069CCE9 /* Resources */,
				3234078D28D654D60069CCE9 /* Storyboards */,
				3234078F28D655010069CCE9 /* Supporting Files */,
			);
			path = ReCode;
			sourceTree = "<group>";
		};
		3234078B28D654AD0069CCE9 /* Controllers */ = {
			isa = PBXGroup;
			children = (
				3234077B28D654A20069CCE9 /* CodeEditorViewController.swift */,
			);
			name = Controllers;
			sourceTree = "<group>";
		};
		3234078C28D654C00069CCE9 /* Application */ = {
			isa = PBXGroup;
			children = (
				3234077928D654A20069CCE9 /* AppDelegate.swift */,
			);
			name = Application;
			sourceTree = "<group>";
		};
		3234078D28D654D60069CCE9 /* Storyboards */ = {
			isa = PBXGroup;
			children = (
				3234078228D654A40069CCE9 /* Main.storyboard */,
			);
			name = Storyboards;
			sourceTree = "<group>";
		};
		3234078E28D654E80069CCE9 /* Resources */ = {
			isa = PBXGroup;
			children = (
				3234078028D654A40069CCE9 /* Assets.xcassets */,
			);
			name = Resources;
			sourceTree = "<group>";
		};
		3234078F28D655010069CCE9 /* Supporting Files */ = {
			isa = PBXGroup;
			children = (
				3234078528D654A40069CCE9 /* ReCode.entitlements */,
			);
			name = "Supporting Files";
			sourceTree = "<group>";
		};
		3234079028D6582E0069CCE9 /* Models */ = {
			isa = PBXGroup;
			children = (
				3234079128D658550069CCE9 /* Code.swift */,
			);
			name = Models;
			sourceTree = "<group>";
		};
		3234079328D663DE0069CCE9 /* Highlighter */ = {
			isa = PBXGroup;
			children = (
				3234079428D663EF0069CCE9 /* SyntaxHighlighter.swift */,
			);
			path = Highlighter;
			sourceTree = "<group>";
		};
/* End PBXGroup section */

/* Begin PBXNativeTarget section */
		3234077528D654A20069CCE9 /* ReCode */ = {
			isa = PBXNativeTarget;
			buildConfigurationList = 3234078828D654A40069CCE9 /* Build configuration list for PBXNativeTarget "ReCode" */;
			buildPhases = (
				3234077228D654A20069CCE9 /* Sources */,
				3234077328D654A20069CCE9 /* Frameworks */,
				3234077428D654A20069CCE9 /* Resources */,
			);
			buildRules = (
			);
			dependencies = (
			);
			name = ReCode;
			productName = ReCode;
			productReference = 3234077628D654A20069CCE9 /* ReCode.app */;
			productType = "com.apple.product-type.application";
		};
/* End PBXNativeTarget section */

/* Begin PBXProject section */
		3234076E28D654A20069CCE9 /* Project object */ = {
			isa = PBXProject;
			attributes = {
				BuildIndependentTargetsInParallel = 1;
				LastSwiftUpdateCheck = 1340;
				LastUpgradeCheck = 1340;
				TargetAttributes = {
					3234077528D654A20069CCE9 = {
						CreatedOnToolsVersion = 13.4.1;
					};
				};
			};
			buildConfigurationList = 3234077128D654A20069CCE9 /* Build configuration list for PBXProject "ReCode" */;
			compatibilityVersion = "Xcode 13.0";
			developmentRegion = en;
			hasScannedForEncodings = 0;
			knownRegions = (
				en,
				Base,
			);
			mainGroup = 3234076D28D654A20069CCE9;
			productRefGroup = 3234077728D654A20069CCE9 /* Products */;
			projectDirPath = "";
			projectRoot = "";
			targets = (
				3234077528D654A20069CCE9 /* ReCode */,
			);
		};
/* End PBXProject section */

/* Begin PBXResourcesBuildPhase section */
		3234077428D654A20069CCE9 /* Resources */ = {
			isa = PBXResourcesBuildPhase;
			buildActionMask = 2147483647;
			files = (
				3234078128D654A40069CCE9 /* Assets.xcassets in Resources */,
				3234078428D654A40069CCE9 /* Main.storyboard in Resources */,
			);
			runOnlyForDeploymentPostprocessing = 0;
		};
/* End PBXResourcesBuildPhase section */

/* Begin PBXSourcesBuildPhase section */
		3234077228D654A20069CCE9 /* Sources */ = {
			isa = PBXSourcesBuildPhase;
			buildActionMask = 2147483647;
			files = (
				3234079228D658560069CCE9 /* Code.swift in Sources */,
				3234077C28D654A20069CCE9 /* CodeEditorViewController.swift in Sources */,
				3234077F28D654A20069CCE9 /* ReCode.xcdatamodeld in Sources */,
				3234077A28D654A20069CCE9 /* AppDelegate.swift in Sources */,
				3234079528D663EF0069CCE9 /* SyntaxHighlighter.swift in Sources */,
			);
			runOnlyForDeploymentPostprocessing = 0;
		};
/* End PBXSourcesBuildPhase section */

/* Begin PBXVariantGroup section */
		3234078228D654A40069CCE9 /* Main.storyboard */ = {
			isa = PBXVariantGroup;
			children = (
				3234078328D654A40069CCE9 /* Base */,
			);
			name = Main.storyboard;
			sourceTree = "<group>";
		};
/* End PBXVariantGroup section */

/* Begin XCBuildConfiguration section */
		3234078628D654A40069CCE9 /* Debug */ = {
			isa = XCBuildConfiguration;
			buildSettings = {
				ALWAYS_SEARCH_USER_PATHS = NO;
				CLANG_ANALYZER_NONNULL = YES;
				CLANG_ANALYZER_NUMBER_OBJECT_CONVERSION = YES_AGGRESSIVE;
				CLANG_CXX_LANGUAGE_STANDARD = "gnu++17";
				CLANG_ENABLE_MODULES = YES;
				CLANG_ENABLE_OBJC_ARC = YES;
				CLANG_ENABLE_OBJC_WEAK = YES;
				CLANG_WARN_BLOCK_CAPTURE_AUTORELEASING = YES;
				CLANG_WARN_BOOL_CONVERSION = YES;
				CLANG_WARN_COMMA = YES;
				CLANG_WARN_CONSTANT_CONVERSION = YES;
				CLANG_WARN_DEPRECATED_OBJC_IMPLEMENTATIONS = YES;
				CLANG_WARN_DIRECT_OBJC_ISA_USAGE = YES_ERROR;
				CLANG_WARN_DOCUMENTATION_COMMENTS = YES;
				CLANG_WARN_EMPTY_BODY = YES;
				CLANG_WARN_ENUM_CONVERSION = YES;
				CLANG_WARN_INFINITE_RECURSION = YES;
				CLANG_WARN_INT_CONVERSION = YES;
				CLANG_WARN_NON_LITERAL_NULL_CONVERSION = YES;
				CLANG_WARN_OBJC_IMPLICIT_RETAIN_SELF = YES;
				CLANG_WARN_OBJC_LITERAL_CONVERSION = YES;
				CLANG_WARN_OBJC_ROOT_CLASS = YES_ERROR;
				CLANG_WARN_QUOTED_INCLUDE_IN_FRAMEWORK_HEADER = YES;
				CLANG_WARN_RANGE_LOOP_ANALYSIS = YES;
				CLANG_WARN_STRICT_PROTOTYPES = YES;
				CLANG_WARN_SUSPICIOUS_MOVE = YES;
				CLANG_WARN_UNGUARDED_AVAILABILITY = YES_AGGRESSIVE;
				CLANG_WARN_UNREACHABLE_CODE = YES;
				CLANG_WARN__DUPLICATE_METHOD_MATCH = YES;
				COPY_PHASE_STRIP = NO;
				DEBUG_INFORMATION_FORMAT = dwarf;
				ENABLE_STRICT_OBJC_MSGSEND = YES;
				ENABLE_TESTABILITY = YES;
				GCC_C_LANGUAGE_STANDARD = gnu11;
				GCC_DYNAMIC_NO_PIC = NO;
				GCC_NO_COMMON_BLOCKS = YES;
				GCC_OPTIMIZATION_LEVEL = 0;
				GCC_PREPROCESSOR_DEFINITIONS = (
					"DEBUG=1",
					"$(inherited)",
				);
				GCC_WARN_64_TO_32_BIT_CONVERSION = YES;
				GCC_WARN_ABOUT_RETURN_TYPE = YES_ERROR;
				GCC_WARN_UNDECLARED_SELECTOR = YES;
				GCC_WARN_UNINITIALIZED_AUTOS = YES_AGGRESSIVE;
				GCC_WARN_UNUSED_FUNCTION = YES;
				GCC_WARN_UNUSED_VARIABLE = YES;
				MACOSX_DEPLOYMENT_TARGET = 12.3;
				MTL_ENABLE_DEBUG_INFO = INCLUDE_SOURCE;
				MTL_FAST_MATH = YES;
				ONLY_ACTIVE_ARCH = YES;
				SDKROOT = macosx;
				SWIFT_ACTIVE_COMPILATION_CONDITIONS = DEBUG;
				SWIFT_OPTIMIZATION_LEVEL = "-Onone";
			};
			name = Debug;
		};
		3234078728D654A40069CCE9 /* Release */ = {
			isa = XCBuildConfiguration;
			buildSettings = {
				ALWAYS_SEARCH_USER_PATHS = NO;
				CLANG_ANALYZER_NONNULL = YES;
				CLANG_ANALYZER_NUMBER_OBJECT_CONVERSION = YES_AGGRESSIVE;
				CLANG_CXX_LANGUAGE_STANDARD = "gnu++17";
				CLANG_ENABLE_MODULES = YES;
				CLANG_ENABLE_OBJC_ARC = YES;
				CLANG_ENABLE_OBJC_WEAK = YES;
				CLANG_WARN_BLOCK_CAPTURE_AUTORELEASING = YES;
				CLANG_WARN_BOOL_CONVERSION = YES;
				CLANG_WARN_COMMA = YES;
				CLANG_WARN_CONSTANT_CONVERSION = YES;
				CLANG_WARN_DEPRECATED_OBJC_IMPLEMENTATIONS = YES;
				CLANG_WARN_DIRECT_OBJC_ISA_USAGE = YES_ERROR;
				CLANG_WARN_DOCUMENTATION_COMMENTS = YES;
				CLANG_WARN_EMPTY_BODY = YES;
				CLANG_WARN_ENUM_CONVERSION = YES;
				CLANG_WARN_INFINITE_RECURSION = YES;
				CLANG_WARN_INT_CONVERSION = YES;
				CLANG_WARN_NON_LITERAL_NULL_CONVERSION = YES;
				CLANG_WARN_OBJC_IMPLICIT_RETAIN_SELF = YES;
				CLANG_WARN_OBJC_LITERAL_CONVERSION = YES;
				CLANG_WARN_OBJC_ROOT_CLASS = YES_ERROR;
				CLANG_WARN_QUOTED_INCLUDE_IN_FRAMEWORK_HEADER = YES;
				CLANG_WARN_RANGE_LOOP_ANALYSIS = YES;
				CLANG_WARN_STRICT_PROTOTYPES = YES;
				CLANG_WARN_SUSPICIOUS_MOVE = YES;
				CLANG_WARN_UNGUARDED_AVAILABILITY = YES_AGGRESSIVE;
				CLANG_WARN_UNREACHABLE_CODE = YES;
				CLANG_WARN__DUPLICATE_METHOD_MATCH = YES;
				COPY_PHASE_STRIP = NO;
				DEBUG_INFORMATION_FORMAT = "dwarf-with-dsym";
				ENABLE_NS_ASSERTIONS = NO;
				ENABLE_STRICT_OBJC_MSGSEND = YES;
				GCC_C_LANGUAGE_STANDARD = gnu11;
				GCC_NO_COMMON_BLOCKS = YES;
				GCC_WARN_64_TO_32_BIT_CONVERSION = YES;
				GCC_WARN_ABOUT_RETURN_TYPE = YES_ERROR;
				GCC_WARN_UNDECLARED_SELECTOR = YES;
				GCC_WARN_UNINITIALIZED_AUTOS = YES_AGGRESSIVE;
				GCC_WARN_UNUSED_FUNCTION = YES;
				GCC_WARN_UNUSED_VARIABLE = YES;
				MACOSX_DEPLOYMENT_TARGET = 12.3;
				MTL_ENABLE_DEBUG_INFO = NO;
				MTL_FAST_MATH = YES;
				SDKROOT = macosx;
				SWIFT_COMPILATION_MODE = wholemodule;
				SWIFT_OPTIMIZATION_LEVEL = "-O";
			};
			name = Release;
		};
		3234078928D654A40069CCE9 /* Debug */ = {
			isa = XCBuildConfiguration;
			buildSettings = {
				ASSETCATALOG_COMPILER_APPICON_NAME = AppIcon;
				ASSETCATALOG_COMPILER_GLOBAL_ACCENT_COLOR_NAME = AccentColor;
				CODE_SIGN_ENTITLEMENTS = ReCode/ReCode.entitlements;
				CODE_SIGN_STYLE = Automatic;
				COMBINE_HIDPI_IMAGES = YES;
				CURRENT_PROJECT_VERSION = 1;
				DEVELOPMENT_TEAM = SNSR2GWAKM;
				ENABLE_HARDENED_RUNTIME = YES;
				GENERATE_INFOPLIST_FILE = YES;
				INFOPLIST_KEY_NSHumanReadableCopyright = "";
				INFOPLIST_KEY_NSMainStoryboardFile = Main;
				INFOPLIST_KEY_NSPrincipalClass = NSApplication;
				LD_RUNPATH_SEARCH_PATHS = (
					"$(inherited)",
					"@executable_path/../Frameworks",
				);
				MARKETING_VERSION = 1.0;
				PRODUCT_BUNDLE_IDENTIFIER = dmyshe.ReCode;
				PRODUCT_NAME = "$(TARGET_NAME)";
				SWIFT_EMIT_LOC_STRINGS = YES;
				SWIFT_VERSION = 5.0;
			};
			name = Debug;
		};
		3234078A28D654A40069CCE9 /* Release */ = {
			isa = XCBuildConfiguration;
			buildSettings = {
				ASSETCATALOG_COMPILER_APPICON_NAME = AppIcon;
				ASSETCATALOG_COMPILER_GLOBAL_ACCENT_COLOR_NAME = AccentColor;
				CODE_SIGN_ENTITLEMENTS = ReCode/ReCode.entitlements;
				CODE_SIGN_STYLE = Automatic;
				COMBINE_HIDPI_IMAGES = YES;
				CURRENT_PROJECT_VERSION = 1;
				DEVELOPMENT_TEAM = SNSR2GWAKM;
				ENABLE_HARDENED_RUNTIME = YES;
				GENERATE_INFOPLIST_FILE = YES;
				INFOPLIST_KEY_NSHumanReadableCopyright = "";
				INFOPLIST_KEY_NSMainStoryboardFile = Main;
				INFOPLIST_KEY_NSPrincipalClass = NSApplication;
				LD_RUNPATH_SEARCH_PATHS = (
					"$(inherited)",
					"@executable_path/../Frameworks",
				);
				MARKETING_VERSION = 1.0;
				PRODUCT_BUNDLE_IDENTIFIER = dmyshe.ReCode;
				PRODUCT_NAME = "$(TARGET_NAME)";
				SWIFT_EMIT_LOC_STRINGS = YES;
				SWIFT_VERSION = 5.0;
			};
			name = Release;
		};
/* End XCBuildConfiguration section */

/* Begin XCConfigurationList section */
		3234077128D654A20069CCE9 /* Build configuration list for PBXProject "ReCode" */ = {
			isa = XCConfigurationList;
			buildConfigurations = (
				3234078628D654A40069CCE9 /* Debug */,
				3234078728D654A40069CCE9 /* Release */,
			);
			defaultConfigurationIsVisible = 0;
			defaultConfigurationName = Release;
		};
		3234078828D654A40069CCE9 /* Build configuration list for PBXNativeTarget "ReCode" */ = {
			isa = XCConfigurationList;
			buildConfigurations = (
				3234078928D654A40069CCE9 /* Debug */,
				3234078A28D654A40069CCE9 /* Release */,
			);
			defaultConfigurationIsVisible = 0;
			defaultConfigurationName = Release;
		};
/* End XCConfigurationList section */

/* Begin XCVersionGroup section */
		3234077D28D654A20069CCE9 /* ReCode.xcdatamodeld */ = {
			isa = XCVersionGroup;
			children = (
				3234077E28D654A20069CCE9 /* ReCode.xcdatamodel */,
			);
			currentVersion = 3234077E28D654A20069CCE9 /* ReCode.xcdatamodel */;
			path = ReCode.xcdatamodeld;
			sourceTree = "<group>";
			versionGroupType = wrapper.xcdatamodel;
		};
/* End XCVersionGroup section */
	};
	rootObject = 3234076E28D654A20069CCE9 /* Project object */;
}
